// !$*UTF8*$!
{
	archiveVersion = 1;
	classes = {
	};
	objectVersion = 46;
	objects = {

/* Begin PBXBuildFile section */
		52791DC11BB53F240006C7D5 /* main.m in Sources */ = {isa = PBXBuildFile; fileRef = 52791DC01BB53F240006C7D5 /* main.m */; };
		52791DC41BB53F240006C7D5 /* AppDelegate.m in Sources */ = {isa = PBXBuildFile; fileRef = 52791DC31BB53F240006C7D5 /* AppDelegate.m */; };
		52791DC71BB53F240006C7D5 /* ViewController.m in Sources */ = {isa = PBXBuildFile; fileRef = 52791DC61BB53F240006C7D5 /* ViewController.m */; };
		52791DCA1BB53F240006C7D5 /* Main.storyboard in Resources */ = {isa = PBXBuildFile; fileRef = 52791DC81BB53F240006C7D5 /* Main.storyboard */; };
		52791DCC1BB53F240006C7D5 /* Assets.xcassets in Resources */ = {isa = PBXBuildFile; fileRef = 52791DCB1BB53F240006C7D5 /* Assets.xcassets */; };
		52791DCF1BB53F240006C7D5 /* LaunchScreen.storyboard in Resources */ = {isa = PBXBuildFile; fileRef = 52791DCD1BB53F240006C7D5 /* LaunchScreen.storyboard */; };
		52791DDA1BB53F240006C7D5 /* forceTests.m in Sources */ = {isa = PBXBuildFile; fileRef = 52791DD91BB53F240006C7D5 /* forceTests.m */; };
		52791DE51BB53F240006C7D5 /* forceUITests.m in Sources */ = {isa = PBXBuildFile; fileRef = 52791DE41BB53F240006C7D5 /* forceUITests.m */; };
/* End PBXBuildFile section */

/* Begin PBXContainerItemProxy section */
		52791DD61BB53F240006C7D5 /* PBXContainerItemProxy */ = {
			isa = PBXContainerItemProxy;
			containerPortal = 52791DB41BB53F240006C7D5 /* Project object */;
			proxyType = 1;
			remoteGlobalIDString = 52791DBB1BB53F240006C7D5;
			remoteInfo = force;
		};
		52791DE11BB53F240006C7D5 /* PBXContainerItemProxy */ = {
			isa = PBXContainerItemProxy;
			containerPortal = 52791DB41BB53F240006C7D5 /* Project object */;
			proxyType = 1;
			remoteGlobalIDString = 52791DBB1BB53F240006C7D5;
			remoteInfo = force;
		};
/* End PBXContainerItemProxy section */

/* Begin PBXFileReference section */
		52791DBC1BB53F240006C7D5 /* force.app */ = {isa = PBXFileReference; explicitFileType = wrapper.application; includeInIndex = 0; path = force.app; sourceTree = BUILT_PRODUCTS_DIR; };
		52791DC01BB53F240006C7D5 /* main.m */ = {isa = PBXFileReference; lastKnownFileType = sourcecode.c.objc; path = main.m; sourceTree = "<group>"; };
		52791DC21BB53F240006C7D5 /* AppDelegate.h */ = {isa = PBXFileReference; lastKnownFileType = sourcecode.c.h; path = AppDelegate.h; sourceTree = "<group>"; };
		52791DC31BB53F240006C7D5 /* AppDelegate.m */ = {isa = PBXFileReference; lastKnownFileType = sourcecode.c.objc; path = AppDelegate.m; sourceTree = "<group>"; };
		52791DC51BB53F240006C7D5 /* ViewController.h */ = {isa = PBXFileReference; lastKnownFileType = sourcecode.c.h; path = ViewController.h; sourceTree = "<group>"; };
		52791DC61BB53F240006C7D5 /* ViewController.m */ = {isa = PBXFileReference; lastKnownFileType = sourcecode.c.objc; path = ViewController.m; sourceTree = "<group>"; };
		52791DC91BB53F240006C7D5 /* Base */ = {isa = PBXFileReference; lastKnownFileType = file.storyboard; name = Base; path = Base.lproj/Main.storyboard; sourceTree = "<group>"; };
		52791DCB1BB53F240006C7D5 /* Assets.xcassets */ = {isa = PBXFileReference; lastKnownFileType = folder.assetcatalog; path = Assets.xcassets; sourceTree = "<group>"; };
		52791DCE1BB53F240006C7D5 /* Base */ = {isa = PBXFileReference; lastKnownFileType = file.storyboard; name = Base; path = Base.lproj/LaunchScreen.storyboard; sourceTree = "<group>"; };
		52791DD01BB53F240006C7D5 /* Info.plist */ = {isa = PBXFileReference; lastKnownFileType = text.plist.xml; path = Info.plist; sourceTree = "<group>"; };
		52791DD51BB53F240006C7D5 /* forceTests.xctest */ = {isa = PBXFileReference; explicitFileType = wrapper.cfbundle; includeInIndex = 0; path = forceTests.xctest; sourceTree = BUILT_PRODUCTS_DIR; };
		52791DD91BB53F240006C7D5 /* forceTests.m */ = {isa = PBXFileReference; lastKnownFileType = sourcecode.c.objc; path = forceTests.m; sourceTree = "<group>"; };
		52791DDB1BB53F240006C7D5 /* Info.plist */ = {isa = PBXFileReference; lastKnownFileType = text.plist.xml; path = Info.plist; sourceTree = "<group>"; };
		52791DE01BB53F240006C7D5 /* forceUITests.xctest */ = {isa = PBXFileReference; explicitFileType = wrapper.cfbundle; includeInIndex = 0; path = forceUITests.xctest; sourceTree = BUILT_PRODUCTS_DIR; };
		52791DE41BB53F240006C7D5 /* forceUITests.m */ = {isa = PBXFileReference; lastKnownFileType = sourcecode.c.objc; path = forceUITests.m; sourceTree = "<group>"; };
		52791DE61BB53F240006C7D5 /* Info.plist */ = {isa = PBXFileReference; lastKnownFileType = text.plist.xml; path = Info.plist; sourceTree = "<group>"; };
/* End PBXFileReference section */

/* Begin PBXFrameworksBuildPhase section */
		52791DB91BB53F240006C7D5 /* Frameworks */ = {
			isa = PBXFrameworksBuildPhase;
			buildActionMask = 2147483647;
			files = (
			);
			runOnlyForDeploymentPostprocessing = 0;
		};
		52791DD21BB53F240006C7D5 /* Frameworks */ = {
			isa = PBXFrameworksBuildPhase;
			buildActionMask = 2147483647;
			files = (
			);
			runOnlyForDeploymentPostprocessing = 0;
		};
		52791DDD1BB53F240006C7D5 /* Frameworks */ = {
			isa = PBXFrameworksBuildPhase;
			buildActionMask = 2147483647;
			files = (
			);
			runOnlyForDeploymentPostprocessing = 0;
		};
/* End PBXFrameworksBuildPhase section */

/* Begin PBXGroup section */
		52791DB31BB53F240006C7D5 = {
			isa = PBXGroup;
			children = (
				52791DBE1BB53F240006C7D5 /* force */,
				52791DD81BB53F240006C7D5 /* forceTests */,
				52791DE31BB53F240006C7D5 /* forceUITests */,
				52791DBD1BB53F240006C7D5 /* Products */,
			);
			sourceTree = "<group>";
		};
		52791DBD1BB53F240006C7D5 /* Products */ = {
			isa = PBXGroup;
			children = (
				52791DBC1BB53F240006C7D5 /* force.app */,
				52791DD51BB53F240006C7D5 /* forceTests.xctest */,
				52791DE01BB53F240006C7D5 /* forceUITests.xctest */,
			);
			name = Products;
			sourceTree = "<group>";
		};
		52791DBE1BB53F240006C7D5 /* force */ = {
			isa = PBXGroup;
			children = (
				52791DC21BB53F240006C7D5 /* AppDelegate.h */,
				52791DC31BB53F240006C7D5 /* AppDelegate.m */,
				52791DC51BB53F240006C7D5 /* ViewController.h */,
				52791DC61BB53F240006C7D5 /* ViewController.m */,
				52791DC81BB53F240006C7D5 /* Main.storyboard */,
				52791DCB1BB53F240006C7D5 /* Assets.xcassets */,
				52791DCD1BB53F240006C7D5 /* LaunchScreen.storyboard */,
				52791DD01BB53F240006C7D5 /* Info.plist */,
				52791DBF1BB53F240006C7D5 /* Supporting Files */,
			);
			path = force;
			sourceTree = "<group>";
		};
		52791DBF1BB53F240006C7D5 /* Supporting Files */ = {
			isa = PBXGroup;
			children = (
				52791DC01BB53F240006C7D5 /* main.m */,
			);
			name = "Supporting Files";
			sourceTree = "<group>";
		};
		52791DD81BB53F240006C7D5 /* forceTests */ = {
			isa = PBXGroup;
			children = (
				52791DD91BB53F240006C7D5 /* forceTests.m */,
				52791DDB1BB53F240006C7D5 /* Info.plist */,
			);
			path = forceTests;
			sourceTree = "<group>";
		};
		52791DE31BB53F240006C7D5 /* forceUITests */ = {
			isa = PBXGroup;
			children = (
				52791DE41BB53F240006C7D5 /* forceUITests.m */,
				52791DE61BB53F240006C7D5 /* Info.plist */,
			);
			path = forceUITests;
			sourceTree = "<group>";
		};
/* End PBXGroup section */

/* Begin PBXNativeTarget section */
		52791DBB1BB53F240006C7D5 /* force */ = {
			isa = PBXNativeTarget;
			buildConfigurationList = 52791DE91BB53F240006C7D5 /* Build configuration list for PBXNativeTarget "force" */;
			buildPhases = (
				52791DB81BB53F240006C7D5 /* Sources */,
				52791DB91BB53F240006C7D5 /* Frameworks */,
				52791DBA1BB53F240006C7D5 /* Resources */,
			);
			buildRules = (
			);
			dependencies = (
			);
			name = force;
			productName = force;
			productReference = 52791DBC1BB53F240006C7D5 /* force.app */;
			productType = "com.apple.product-type.application";
		};
		52791DD41BB53F240006C7D5 /* forceTests */ = {
			isa = PBXNativeTarget;
			buildConfigurationList = 52791DEC1BB53F240006C7D5 /* Build configuration list for PBXNativeTarget "forceTests" */;
			buildPhases = (
				52791DD11BB53F240006C7D5 /* Sources */,
				52791DD21BB53F240006C7D5 /* Frameworks */,
				52791DD31BB53F240006C7D5 /* Resources */,
			);
			buildRules = (
			);
			dependencies = (
				52791DD71BB53F240006C7D5 /* PBXTargetDependency */,
			);
			name = forceTests;
			productName = forceTests;
			productReference = 52791DD51BB53F240006C7D5 /* forceTests.xctest */;
			productType = "com.apple.product-type.bundle.unit-test";
		};
		52791DDF1BB53F240006C7D5 /* forceUITests */ = {
			isa = PBXNativeTarget;
			buildConfigurationList = 52791DEF1BB53F240006C7D5 /* Build configuration list for PBXNativeTarget "forceUITests" */;
			buildPhases = (
				52791DDC1BB53F240006C7D5 /* Sources */,
				52791DDD1BB53F240006C7D5 /* Frameworks */,
				52791DDE1BB53F240006C7D5 /* Resources */,
			);
			buildRules = (
			);
			dependencies = (
				52791DE21BB53F240006C7D5 /* PBXTargetDependency */,
			);
			name = forceUITests;
			productName = forceUITests;
			productReference = 52791DE01BB53F240006C7D5 /* forceUITests.xctest */;
			productType = "com.apple.product-type.bundle.ui-testing";
		};
/* End PBXNativeTarget section */

/* Begin PBXProject section */
		52791DB41BB53F240006C7D5 /* Project object */ = {
			isa = PBXProject;
			attributes = {
				LastUpgradeCheck = 0700;
				ORGANIZATIONNAME = ykh;
				TargetAttributes = {
					52791DBB1BB53F240006C7D5 = {
						CreatedOnToolsVersion = 7.0;
						DevelopmentTeam = KN3N6ZJA53;
					};
					52791DD41BB53F240006C7D5 = {
						CreatedOnToolsVersion = 7.0;
						TestTargetID = 52791DBB1BB53F240006C7D5;
					};
					52791DDF1BB53F240006C7D5 = {
						CreatedOnToolsVersion = 7.0;
						TestTargetID = 52791DBB1BB53F240006C7D5;
					};
				};
			};
			buildConfigurationList = 52791DB71BB53F240006C7D5 /* Build configuration list for PBXProject "force" */;
			compatibilityVersion = "Xcode 3.2";
			developmentRegion = English;
			hasScannedForEncodings = 0;
			knownRegions = (
				en,
				Base,
			);
			mainGroup = 52791DB31BB53F240006C7D5;
			productRefGroup = 52791DBD1BB53F240006C7D5 /* Products */;
			projectDirPath = "";
			projectRoot = "";
			targets = (
				52791DBB1BB53F240006C7D5 /* force */,
				52791DD41BB53F240006C7D5 /* forceTests */,
				52791DDF1BB53F240006C7D5 /* forceUITests */,
			);
		};
/* End PBXProject section */

/* Begin PBXResourcesBuildPhase section */
		52791DBA1BB53F240006C7D5 /* Resources */ = {
			isa = PBXResourcesBuildPhase;
			buildActionMask = 2147483647;
			files = (
				52791DCF1BB53F240006C7D5 /* LaunchScreen.storyboard in Resources */,
				52791DCC1BB53F240006C7D5 /* Assets.xcassets in Resources */,
				52791DCA1BB53F240006C7D5 /* Main.storyboard in Resources */,
			);
			runOnlyForDeploymentPostprocessing = 0;
		};
		52791DD31BB53F240006C7D5 /* Resources */ = {
			isa = PBXResourcesBuildPhase;
			buildActionMask = 2147483647;
			files = (
			);
			runOnlyForDeploymentPostprocessing = 0;
		};
		52791DDE1BB53F240006C7D5 /* Resources */ = {
			isa = PBXResourcesBuildPhase;
			buildActionMask = 2147483647;
			files = (
			);
			runOnlyForDeploymentPostprocessing = 0;
		};
/* End PBXResourcesBuildPhase section */

/* Begin PBXSourcesBuildPhase section */
		52791DB81BB53F240006C7D5 /* Sources */ = {
			isa = PBXSourcesBuildPhase;
			buildActionMask = 2147483647;
			files = (
				52791DC71BB53F240006C7D5 /* ViewController.m in Sources */,
				52791DC41BB53F240006C7D5 /* AppDelegate.m in Sources */,
				52791DC11BB53F240006C7D5 /* main.m in Sources */,
			);
			runOnlyForDeploymentPostprocessing = 0;
		};
		52791DD11BB53F240006C7D5 /* Sources */ = {
			isa = PBXSourcesBuildPhase;
			buildActionMask = 2147483647;
			files = (
				52791DDA1BB53F240006C7D5 /* forceTests.m in Sources */,
			);
			runOnlyForDeploymentPostprocessing = 0;
		};
		52791DDC1BB53F240006C7D5 /* Sources */ = {
			isa = PBXSourcesBuildPhase;
			buildActionMask = 2147483647;
			files = (
				52791DE51BB53F240006C7D5 /* forceUITests.m in Sources */,
			);
			runOnlyForDeploymentPostprocessing = 0;
		};
/* End PBXSourcesBuildPhase section */

/* Begin PBXTargetDependency section */
		52791DD71BB53F240006C7D5 /* PBXTargetDependency */ = {
			isa = PBXTargetDependency;
			target = 52791DBB1BB53F240006C7D5 /* force */;
			targetProxy = 52791DD61BB53F240006C7D5 /* PBXContainerItemProxy */;
		};
		52791DE21BB53F240006C7D5 /* PBXTargetDependency */ = {
			isa = PBXTargetDependency;
			target = 52791DBB1BB53F240006C7D5 /* force */;
			targetProxy = 52791DE11BB53F240006C7D5 /* PBXContainerItemProxy */;
		};
/* End PBXTargetDependency section */

/* Begin PBXVariantGroup section */
		52791DC81BB53F240006C7D5 /* Main.storyboard */ = {
			isa = PBXVariantGroup;
			children = (
				52791DC91BB53F240006C7D5 /* Base */,
			);
			name = Main.storyboard;
			sourceTree = "<group>";
		};
		52791DCD1BB53F240006C7D5 /* LaunchScreen.storyboard */ = {
			isa = PBXVariantGroup;
			children = (
				52791DCE1BB53F240006C7D5 /* Base */,
			);
			name = LaunchScreen.storyboard;
			sourceTree = "<group>";
		};
/* End PBXVariantGroup section */

/* Begin XCBuildConfiguration section */
		52791DE71BB53F240006C7D5 /* Debug */ = {
			isa = XCBuildConfiguration;
			buildSettings = {
				ALWAYS_SEARCH_USER_PATHS = NO;
				CLANG_CXX_LANGUAGE_STANDARD = "gnu++0x";
				CLANG_CXX_LIBRARY = "libc++";
				CLANG_ENABLE_MODULES = YES;
				CLANG_ENABLE_OBJC_ARC = YES;
				CLANG_WARN_BOOL_CONVERSION = YES;
				CLANG_WARN_CONSTANT_CONVERSION = YES;
				CLANG_WARN_DIRECT_OBJC_ISA_USAGE = YES_ERROR;
				CLANG_WARN_EMPTY_BODY = YES;
				CLANG_WARN_ENUM_CONVERSION = YES;
				CLANG_WARN_INT_CONVERSION = YES;
				CLANG_WARN_OBJC_ROOT_CLASS = YES_ERROR;
				CLANG_WARN_UNREACHABLE_CODE = YES;
				CLANG_WARN__DUPLICATE_METHOD_MATCH = YES;
				"CODE_SIGN_IDENTITY[sdk=iphoneos*]" = "iPhone Developer";
				COPY_PHASE_STRIP = NO;
				DEBUG_INFORMATION_FORMAT = dwarf;
				ENABLE_STRICT_OBJC_MSGSEND = YES;
				ENABLE_TESTABILITY = YES;
				GCC_C_LANGUAGE_STANDARD = gnu99;
				GCC_DYNAMIC_NO_PIC = NO;
				GCC_NO_COMMON_BLOCKS = YES;
				GCC_OPTIMIZATION_LEVEL = 0;
				GCC_PREPROCESSOR_DEFINITIONS = (
					"DEBUG=1",
					"$(inherited)",
				);
				GCC_WARN_64_TO_32_BIT_CONVERSION = YES;
				GCC_WARN_ABOUT_RETURN_TYPE = YES_ERROR;
				GCC_WARN_UNDECLARED_SELECTOR = YES;
				GCC_WARN_UNINITIALIZED_AUTOS = YES_AGGRESSIVE;
				GCC_WARN_UNUSED_FUNCTION = YES;
				GCC_WARN_UNUSED_VARIABLE = YES;
				IPHONEOS_DEPLOYMENT_TARGET = 9.0;
				MTL_ENABLE_DEBUG_INFO = YES;
				ONLY_ACTIVE_ARCH = YES;
				SDKROOT = iphoneos;
			};
			name = Debug;
		};
		52791DE81BB53F240006C7D5 /* Release */ = {
			isa = XCBuildConfiguration;
			buildSettings = {
				ALWAYS_SEARCH_USER_PATHS = NO;
				CLANG_CXX_LANGUAGE_STANDARD = "gnu++0x";
				CLANG_CXX_LIBRARY = "libc++";
				CLANG_ENABLE_MODULES = YES;
				CLANG_ENABLE_OBJC_ARC = YES;
				CLANG_WARN_BOOL_CONVERSION = YES;
				CLANG_WARN_CONSTANT_CONVERSION = YES;
				CLANG_WARN_DIRECT_OBJC_ISA_USAGE = YES_ERROR;
				CLANG_WARN_EMPTY_BODY = YES;
				CLANG_WARN_ENUM_CONVERSION = YES;
				CLANG_WARN_INT_CONVERSION = YES;
				CLANG_WARN_OBJC_ROOT_CLASS = YES_ERROR;
				CLANG_WARN_UNREACHABLE_CODE = YES;
				CLANG_WARN__DUPLICATE_METHOD_MATCH = YES;
				"CODE_SIGN_IDENTITY[sdk=iphoneos*]" = "iPhone Developer";
				COPY_PHASE_STRIP = NO;
				DEBUG_INFORMATION_FORMAT = "dwarf-with-dsym";
				ENABLE_NS_ASSERTIONS = NO;
				ENABLE_STRICT_OBJC_MSGSEND = YES;
				GCC_C_LANGUAGE_STANDARD = gnu99;
				GCC_NO_COMMON_BLOCKS = YES;
				GCC_WARN_64_TO_32_BIT_CONVERSION = YES;
				GCC_WARN_ABOUT_RETURN_TYPE = YES_ERROR;
				GCC_WARN_UNDECLARED_SELECTOR = YES;
				GCC_WARN_UNINITIALIZED_AUTOS = YES_AGGRESSIVE;
				GCC_WARN_UNUSED_FUNCTION = YES;
				GCC_WARN_UNUSED_VARIABLE = YES;
				IPHONEOS_DEPLOYMENT_TARGET = 9.0;
				MTL_ENABLE_DEBUG_INFO = NO;
				SDKROOT = iphoneos;
				VALIDATE_PRODUCT = YES;
			};
			name = Release;
		};
		52791DEA1BB53F240006C7D5 /* Debug */ = {
			isa = XCBuildConfiguration;
			buildSettings = {
				ASSETCATALOG_COMPILER_APPICON_NAME = AppIcon;
				CODE_SIGN_IDENTITY = "iPhone Developer";
				"CODE_SIGN_IDENTITY[sdk=iphoneos*]" = "iPhone Developer";
				INFOPLIST_FILE = force/Info.plist;
				LD_RUNPATH_SEARCH_PATHS = "$(inherited) @executable_path/Frameworks";
				PRODUCT_BUNDLE_IDENTIFIER = ykh.force;
				PRODUCT_NAME = "$(TARGET_NAME)";
				PROVISIONING_PROFILE = "";
			};
			name = Debug;
		};
		52791DEB1BB53F240006C7D5 /* Release */ = {
			isa = XCBuildConfiguration;
			buildSettings = {
				ASSETCATALOG_COMPILER_APPICON_NAME = AppIcon;
				CODE_SIGN_IDENTITY = "iPhone Developer";
				"CODE_SIGN_IDENTITY[sdk=iphoneos*]" = "iPhone Developer";
				INFOPLIST_FILE = force/Info.plist;
				LD_RUNPATH_SEARCH_PATHS = "$(inherited) @executable_path/Frameworks";
				PRODUCT_BUNDLE_IDENTIFIER = ykh.force;
				PRODUCT_NAME = "$(TARGET_NAME)";
				PROVISIONING_PROFILE = "";
			};
			name = Release;
		};
		52791DED1BB53F240006C7D5 /* Debug */ = {
			isa = XCBuildConfiguration;
			buildSettings = {
				BUNDLE_LOADER = "$(TEST_HOST)";
				INFOPLIST_FILE = forceTests/Info.plist;
				LD_RUNPATH_SEARCH_PATHS = "$(inherited) @executable_path/Frameworks @loader_path/Frameworks";
				PRODUCT_BUNDLE_IDENTIFIER = ykh.forceTests;
				PRODUCT_NAME = "$(TARGET_NAME)";
				TEST_HOST = "$(BUILT_PRODUCTS_DIR)/force.app/force";
			};
			name = Debug;
		};
		52791DEE1BB53F240006C7D5 /* Release */ = {
			isa = XCBuildConfiguration;
			buildSettings = {
				BUNDLE_LOADER = "$(TEST_HOST)";
				INFOPLIST_FILE = forceTests/Info.plist;
				LD_RUNPATH_SEARCH_PATHS = "$(inherited) @executable_path/Frameworks @loader_path/Frameworks";
				PRODUCT_BUNDLE_IDENTIFIER = ykh.forceTests;
				PRODUCT_NAME = "$(TARGET_NAME)";
				TEST_HOST = "$(BUILT_PRODUCTS_DIR)/force.app/force";
			};
			name = Release;
		};
		52791DF01BB53F240006C7D5 /* Debug */ = {
			isa = XCBuildConfiguration;
			buildSettings = {
				INFOPLIST_FILE = forceUITests/Info.plist;
				LD_RUNPATH_SEARCH_PATHS = "$(inherited) @executable_path/Frameworks @loader_path/Frameworks";
				PRODUCT_BUNDLE_IDENTIFIER = ykh.forceUITests;
				PRODUCT_NAME = "$(TARGET_NAME)";
				TEST_TARGET_NAME = force;
				USES_XCTRUNNER = YES;
			};
			name = Debug;
		};
		52791DF11BB53F240006C7D5 /* Release */ = {
			isa = XCBuildConfiguration;
			buildSettings = {
				INFOPLIST_FILE = forceUITests/Info.plist;
				LD_RUNPATH_SEARCH_PATHS = "$(inherited) @executable_path/Frameworks @loader_path/Frameworks";
				PRODUCT_BUNDLE_IDENTIFIER = ykh.forceUITests;
				PRODUCT_NAME = "$(TARGET_NAME)";
				TEST_TARGET_NAME = force;
				USES_XCTRUNNER = YES;
			};
			name = Release;
		};
/* End XCBuildConfiguration section */

/* Begin XCConfigurationList section */
		52791DB71BB53F240006C7D5 /* Build configuration list for PBXProject "force" */ = {
			isa = XCConfigurationList;
			buildConfigurations = (
				52791DE71BB53F240006C7D5 /* Debug */,
				52791DE81BB53F240006C7D5 /* Release */,
			);
			defaultConfigurationIsVisible = 0;
			defaultConfigurationName = Release;
		};
		52791DE91BB53F240006C7D5 /* Build configuration list for PBXNativeTarget "force" */ = {
			isa = XCConfigurationList;
			buildConfigurations = (
				52791DEA1BB53F240006C7D5 /* Debug */,
				52791DEB1BB53F240006C7D5 /* Release */,
			);
			defaultConfigurationIsVisible = 0;
		};
		52791DEC1BB53F240006C7D5 /* Build configuration list for PBXNativeTarget "forceTests" */ = {
			isa = XCConfigurationList;
			buildConfigurations = (
				52791DED1BB53F240006C7D5 /* Debug */,
				52791DEE1BB53F240006C7D5 /* Release */,
			);
			defaultConfigurationIsVisible = 0;
		};
		52791DEF1BB53F240006C7D5 /* Build configuration list for PBXNativeTarget "forceUITests" */ = {
			isa = XCConfigurationList;
			buildConfigurations = (
				52791DF01BB53F240006C7D5 /* Debug */,
				52791DF11BB53F240006C7D5 /* Release */,
			);
			defaultConfigurationIsVisible = 0;
		};
/* End XCConfigurationList section */
	};
	rootObject = 52791DB41BB53F240006C7D5 /* Project object */;
}
